
Microsoft Visual Studio Solution File, Format Version 12.00
Project("{FAE04EC0-301F-11D3-BF4B-00C04F79EFBC}") = "Host", "Host\Host.csproj", "{374CD5EE-4A21-405A-9F92-6EA165B7C426}"
EndProject
Project("{FAE04EC0-301F-11D3-BF4B-00C04F79EFBC}") = "Core", "Core\Core.csproj", "{5DDCE1C1-256C-4C10-AB26-A689F60557BF}"
EndProject
Project("{FAE04EC0-301F-11D3-BF4B-00C04F79EFBC}") = "Entities", "Entities\Entities.csproj", "{F229200D-5531-4F14-B146-662C8F38D695}"
EndProject
Project("{FAE04EC0-301F-11D3-BF4B-00C04F79EFBC}") = "Models", "Models\Models.csproj", "{656E2376-0241-4239-B0C0-F65D284A39C4}"
EndProject
Project("{FAE04EC0-301F-11D3-BF4B-00C04F79EFBC}") = "Database", "Database\Database.csproj", "{59BEB6ED-9EA3-42D5-BCB4-95A23306EADE}"
EndProject
Project("{2150E333-8FDC-42A3-9474-1A3956D46DE8}") = "Database", "Database", "{63B491A7-9C21-4764-B703-56D53E27778F}"
EndProject
Project("{2150E333-8FDC-42A3-9474-1A3956D46DE8}") = "Infrastructure", "Infrastructure", "{026E5419-9CA5-4904-8D67-A4C302E65E77}"
EndProject
Global
	GlobalSection(SolutionConfigurationPlatforms) = preSolution
		Debug|Any CPU = Debug|Any CPU
		Release|Any CPU = Release|Any CPU
	EndGlobalSection
	GlobalSection(ProjectConfigurationPlatforms) = postSolution
		{374CD5EE-4A21-405A-9F92-6EA165B7C426}.Debug|Any CPU.ActiveCfg = Debug|Any CPU
		{374CD5EE-4A21-405A-9F92-6EA165B7C426}.Debug|Any CPU.Build.0 = Debug|Any CPU
		{374CD5EE-4A21-405A-9F92-6EA165B7C426}.Release|Any CPU.ActiveCfg = Release|Any CPU
		{374CD5EE-4A21-405A-9F92-6EA165B7C426}.Release|Any CPU.Build.0 = Release|Any CPU
		{5DDCE1C1-256C-4C10-AB26-A689F60557BF}.Debug|Any CPU.ActiveCfg = Debug|Any CPU
		{5DDCE1C1-256C-4C10-AB26-A689F60557BF}.Debug|Any CPU.Build.0 = Debug|Any CPU
		{5DDCE1C1-256C-4C10-AB26-A689F60557BF}.Release|Any CPU.ActiveCfg = Release|Any CPU
		{5DDCE1C1-256C-4C10-AB26-A689F60557BF}.Release|Any CPU.Build.0 = Release|Any CPU
		{F229200D-5531-4F14-B146-662C8F38D695}.Debug|Any CPU.ActiveCfg = Debug|Any CPU
		{F229200D-5531-4F14-B146-662C8F38D695}.Debug|Any CPU.Build.0 = Debug|Any CPU
		{F229200D-5531-4F14-B146-662C8F38D695}.Release|Any CPU.ActiveCfg = Release|Any CPU
		{F229200D-5531-4F14-B146-662C8F38D695}.Release|Any CPU.Build.0 = Release|Any CPU
		{656E2376-0241-4239-B0C0-F65D284A39C4}.Debug|Any CPU.ActiveCfg = Debug|Any CPU
		{656E2376-0241-4239-B0C0-F65D284A39C4}.Debug|Any CPU.Build.0 = Debug|Any CPU
		{656E2376-0241-4239-B0C0-F65D284A39C4}.Release|Any CPU.ActiveCfg = Release|Any CPU
		{656E2376-0241-4239-B0C0-F65D284A39C4}.Release|Any CPU.Build.0 = Release|Any CPU
		{59BEB6ED-9EA3-42D5-BCB4-95A23306EADE}.Debug|Any CPU.ActiveCfg = Debug|Any CPU
		{59BEB6ED-9EA3-42D5-BCB4-95A23306EADE}.Debug|Any CPU.Build.0 = Debug|Any CPU
		{59BEB6ED-9EA3-42D5-BCB4-95A23306EADE}.Release|Any CPU.ActiveCfg = Release|Any CPU
		{59BEB6ED-9EA3-42D5-BCB4-95A23306EADE}.Release|Any CPU.Build.0 = Release|Any CPU
	EndGlobalSection
	GlobalSection(NestedProjects) = preSolution
		{59BEB6ED-9EA3-42D5-BCB4-95A23306EADE} = {63B491A7-9C21-4764-B703-56D53E27778F}
		{F229200D-5531-4F14-B146-662C8F38D695} = {63B491A7-9C21-4764-B703-56D53E27778F}
		{5DDCE1C1-256C-4C10-AB26-A689F60557BF} = {026E5419-9CA5-4904-8D67-A4C302E65E77}
		{656E2376-0241-4239-B0C0-F65D284A39C4} = {026E5419-9CA5-4904-8D67-A4C302E65E77}
	EndGlobalSection
EndGlobal
